
Microsoft Visual Studio Solution File, Format Version 12.00
# Visual Studio Version 17
VisualStudioVersion = 17.8.34511.84
MinimumVisualStudioVersion = 10.0.40219.1
Project("{FAE04EC0-301F-11D3-BF4B-00C04F79EFBC}") = "SpiralDoubleArray", "SpiralDoubleArray.csproj", "{1C7F35DB-2F1E-45F6-9458-13CC1FB374AD}"
EndProject
Global
	GlobalSection(SolutionConfigurationPlatforms) = preSolution
		Debug|Any CPU = Debug|Any CPU
		Release|Any CPU = Release|Any CPU
	EndGlobalSection
	GlobalSection(ProjectConfigurationPlatforms) = postSolution
		{1C7F35DB-2F1E-45F6-9458-13CC1FB374AD}.Debug|Any CPU.ActiveCfg = Debug|Any CPU
		{1C7F35DB-2F1E-45F6-9458-13CC1FB374AD}.Debug|Any CPU.Build.0 = Debug|Any CPU
		{1C7F35DB-2F1E-45F6-9458-13CC1FB374AD}.Release|Any CPU.ActiveCfg = Release|Any CPU
		{1C7F35DB-2F1E-45F6-9458-13CC1FB374AD}.Release|Any CPU.Build.0 = Release|Any CPU
	EndGlobalSection
	GlobalSection(SolutionProperties) = preSolution
		HideSolutionNode = FALSE
	EndGlobalSection
	GlobalSection(ExtensibilityGlobals) = postSolution
		SolutionGuid = {BB042A25-D2C2-4264-98D3-231762C2069A}
	EndGlobalSection
EndGlobal
